
Microsoft Visual Studio Solution File, Format Version 12.00
# Visual Studio Version 17
VisualStudioVersion = 17.14.36221.1 d17.14
MinimumVisualStudioVersion = 10.0.40219.1
Project("{FAE04EC0-301F-11D3-BF4B-00C04F79EFBC}") = "ASP.NET-WEB-API-JWT", "ASP.NET-WEB-API-JWT\ASP.NET-WEB-API-JWT.csproj", "{70FE78FC-B89F-4BCF-8F0B-9E5B5E5D2781}"
EndProject
Global
	GlobalSection(SolutionConfigurationPlatforms) = preSolution
		Debug|Any CPU = Debug|Any CPU
		Release|Any CPU = Release|Any CPU
	EndGlobalSection
	GlobalSection(ProjectConfigurationPlatforms) = postSolution
		{70FE78FC-B89F-4BCF-8F0B-9E5B5E5D2781}.Debug|Any CPU.ActiveCfg = Debug|Any CPU
		{70FE78FC-B89F-4BCF-8F0B-9E5B5E5D2781}.Debug|Any CPU.Build.0 = Debug|Any CPU
		{70FE78FC-B89F-4BCF-8F0B-9E5B5E5D2781}.Release|Any CPU.ActiveCfg = Release|Any CPU
		{70FE78FC-B89F-4BCF-8F0B-9E5B5E5D2781}.Release|Any CPU.Build.0 = Release|Any CPU
	EndGlobalSection
	GlobalSection(SolutionProperties) = preSolution
		HideSolutionNode = FALSE
	EndGlobalSection
	GlobalSection(ExtensibilityGlobals) = postSolution
		SolutionGuid = {403A39C2-7348-4DC9-A6ED-0C88698E530A}
	EndGlobalSection
EndGlobal
